{
  "lib/account-abstraction": {
    "rev": "7af70c8993a6f42973f520ae0752386a5032abe7"
  },
  "lib/forge-std": {
    "tag": {
      "name": "v1.14.0",
      "rev": "1801b0541f4fda118a10798fd3486bb7051c5dd6"
    }
  },
  "lib/foundry-devops": {
    "tag": {
      "name": "0.4.0",
      "rev": "efff097a87e70c3d15661c9f2a2daeae0b33d5d5"
    }
  },
  "lib/foundry-era-contracts": {
    "tag": {
      "name": "0.0.3",
      "rev": "3f99de4a37b126c5cb0466067f37be0c932167b2"
    }
  },
  "lib/openzeppelin-contracts": {
    "tag": {
      "name": "v5.5.0",
      "rev": "fcbae5394ae8ad52d8e580a3477db99814b9d565"
    }
  }
}